PODS:
  - Starscream (3.1.1)
  - SwiftProtobuf (1.7.0)

DEPENDENCIES:
  - Starscream
  - SwiftProtobuf

SPEC REPOS:
  trunk:
    - Starscream
    - SwiftProtobuf

SPEC CHECKSUMS:
  Starscream: 4bb2f9942274833f7b4d296a55504dcfc7edb7b0
  SwiftProtobuf: 4fd9645e69b72cbae6ec8da5be0cdd20ca6565dd

PODFILE CHECKSUM: 97fba1780d60b8147ce777ab2a30c4838f9cedf1

COCOAPODS: 1.8.3
